
Microsoft Visual Studio Solution File, Format Version 12.00
# Visual Studio 15
VisualStudioVersion = 15.0.28307.572
MinimumVisualStudioVersion = 10.0.40219.1
Project("{FAE04EC0-301F-11D3-BF4B-00C04F79EFBC}") = "ProAgil", "ProAgil\ProAgil.csproj", "{4BD3C2B8-6A1F-4717-9B54-7949C44352D8}"
EndProject
Project("{FAE04EC0-301F-11D3-BF4B-00C04F79EFBC}") = "ProAgil_MVC", "ProAgil_MVC\ProAgil_MVC.csproj", "{1F1AEF15-B902-4B1F-9E86-944065665EE1}"
EndProject
Project("{FAE04EC0-301F-11D3-BF4B-00C04F79EFBC}") = "ProAgil_API", "ProAgil_API\ProAgil_API.csproj", "{05C03C6E-48B2-42C8-9016-FE1C9CE35F87}"
EndProject
Global
	GlobalSection(SolutionConfigurationPlatforms) = preSolution
		Debug|Any CPU = Debug|Any CPU
		Release|Any CPU = Release|Any CPU
	EndGlobalSection
	GlobalSection(ProjectConfigurationPlatforms) = postSolution
		{4BD3C2B8-6A1F-4717-9B54-7949C44352D8}.Debug|Any CPU.ActiveCfg = Debug|Any CPU
		{4BD3C2B8-6A1F-4717-9B54-7949C44352D8}.Debug|Any CPU.Build.0 = Debug|Any CPU
		{4BD3C2B8-6A1F-4717-9B54-7949C44352D8}.Release|Any CPU.ActiveCfg = Release|Any CPU
		{4BD3C2B8-6A1F-4717-9B54-7949C44352D8}.Release|Any CPU.Build.0 = Release|Any CPU
		{1F1AEF15-B902-4B1F-9E86-944065665EE1}.Debug|Any CPU.ActiveCfg = Debug|Any CPU
		{1F1AEF15-B902-4B1F-9E86-944065665EE1}.Debug|Any CPU.Build.0 = Debug|Any CPU
		{1F1AEF15-B902-4B1F-9E86-944065665EE1}.Release|Any CPU.ActiveCfg = Release|Any CPU
		{1F1AEF15-B902-4B1F-9E86-944065665EE1}.Release|Any CPU.Build.0 = Release|Any CPU
		{05C03C6E-48B2-42C8-9016-FE1C9CE35F87}.Debug|Any CPU.ActiveCfg = Debug|Any CPU
		{05C03C6E-48B2-42C8-9016-FE1C9CE35F87}.Debug|Any CPU.Build.0 = Debug|Any CPU
		{05C03C6E-48B2-42C8-9016-FE1C9CE35F87}.Release|Any CPU.ActiveCfg = Release|Any CPU
		{05C03C6E-48B2-42C8-9016-FE1C9CE35F87}.Release|Any CPU.Build.0 = Release|Any CPU
	EndGlobalSection
	GlobalSection(SolutionProperties) = preSolution
		HideSolutionNode = FALSE
	EndGlobalSection
	GlobalSection(ExtensibilityGlobals) = postSolution
		SolutionGuid = {817BA2ED-81FE-48B1-A4AA-C87935AA7FE5}
	EndGlobalSection
EndGlobal
